// !$*UTF8*$!
{
	archiveVersion = 1;
	classes = {
	};
	objectVersion = 50;
	objects = {

/* Begin PBXBuildFile section */
		488C9BEF2237411200DA9BEE /* AppDelegate.swift in Sources */ = {isa = PBXBuildFile; fileRef = 488C9BEE2237411200DA9BEE /* AppDelegate.swift */; };
		488C9BF12237411200DA9BEE /* ViewController.swift in Sources */ = {isa = PBXBuildFile; fileRef = 488C9BF02237411200DA9BEE /* ViewController.swift */; };
		488C9BF42237411300DA9BEE /* Main.storyboard in Resources */ = {isa = PBXBuildFile; fileRef = 488C9BF22237411300DA9BEE /* Main.storyboard */; };
		488C9BF62237411400DA9BEE /* Assets.xcassets in Resources */ = {isa = PBXBuildFile; fileRef = 488C9BF52237411400DA9BEE /* Assets.xcassets */; };
		488C9BF92237411400DA9BEE /* LaunchScreen.storyboard in Resources */ = {isa = PBXBuildFile; fileRef = 488C9BF72237411400DA9BEE /* LaunchScreen.storyboard */; };
		488C9C042237411500DA9BEE /* HoneySpellTests.swift in Sources */ = {isa = PBXBuildFile; fileRef = 488C9C032237411500DA9BEE /* HoneySpellTests.swift */; };
		488C9C0F2237411500DA9BEE /* HoneySpellUITests.swift in Sources */ = {isa = PBXBuildFile; fileRef = 488C9C0E2237411500DA9BEE /* HoneySpellUITests.swift */; };
/* End PBXBuildFile section */

/* Begin PBXContainerItemProxy section */
		488C9C002237411500DA9BEE /* PBXContainerItemProxy */ = {
			isa = PBXContainerItemProxy;
			containerPortal = 488C9BE32237411200DA9BEE /* Project object */;
			proxyType = 1;
			remoteGlobalIDString = 488C9BEA2237411200DA9BEE;
			remoteInfo = HoneySpell;
		};
		488C9C0B2237411500DA9BEE /* PBXContainerItemProxy */ = {
			isa = PBXContainerItemProxy;
			containerPortal = 488C9BE32237411200DA9BEE /* Project object */;
			proxyType = 1;
			remoteGlobalIDString = 488C9BEA2237411200DA9BEE;
			remoteInfo = HoneySpell;
		};
/* End PBXContainerItemProxy section */

/* Begin PBXFileReference section */
		488C9BEB2237411200DA9BEE /* HoneySpell.app */ = {isa = PBXFileReference; explicitFileType = wrapper.application; includeInIndex = 0; path = HoneySpell.app; sourceTree = BUILT_PRODUCTS_DIR; };
		488C9BEE2237411200DA9BEE /* AppDelegate.swift */ = {isa = PBXFileReference; lastKnownFileType = sourcecode.swift; path = AppDelegate.swift; sourceTree = "<group>"; };
		488C9BF02237411200DA9BEE /* ViewController.swift */ = {isa = PBXFileReference; lastKnownFileType = sourcecode.swift; path = ViewController.swift; sourceTree = "<group>"; };
		488C9BF32237411300DA9BEE /* Base */ = {isa = PBXFileReference; lastKnownFileType = file.storyboard; name = Base; path = Base.lproj/Main.storyboard; sourceTree = "<group>"; };
		488C9BF52237411400DA9BEE /* Assets.xcassets */ = {isa = PBXFileReference; lastKnownFileType = folder.assetcatalog; path = Assets.xcassets; sourceTree = "<group>"; };
		488C9BF82237411400DA9BEE /* Base */ = {isa = PBXFileReference; lastKnownFileType = file.storyboard; name = Base; path = Base.lproj/LaunchScreen.storyboard; sourceTree = "<group>"; };
		488C9BFA2237411500DA9BEE /* Info.plist */ = {isa = PBXFileReference; lastKnownFileType = text.plist.xml; path = Info.plist; sourceTree = "<group>"; };
		488C9BFF2237411500DA9BEE /* HoneySpellTests.xctest */ = {isa = PBXFileReference; explicitFileType = wrapper.cfbundle; includeInIndex = 0; path = HoneySpellTests.xctest; sourceTree = BUILT_PRODUCTS_DIR; };
		488C9C032237411500DA9BEE /* HoneySpellTests.swift */ = {isa = PBXFileReference; lastKnownFileType = sourcecode.swift; path = HoneySpellTests.swift; sourceTree = "<group>"; };
		488C9C052237411500DA9BEE /* Info.plist */ = {isa = PBXFileReference; lastKnownFileType = text.plist.xml; path = Info.plist; sourceTree = "<group>"; };
		488C9C0A2237411500DA9BEE /* HoneySpellUITests.xctest */ = {isa = PBXFileReference; explicitFileType = wrapper.cfbundle; includeInIndex = 0; path = HoneySpellUITests.xctest; sourceTree = BUILT_PRODUCTS_DIR; };
		488C9C0E2237411500DA9BEE /* HoneySpellUITests.swift */ = {isa = PBXFileReference; lastKnownFileType = sourcecode.swift; path = HoneySpellUITests.swift; sourceTree = "<group>"; };
		488C9C102237411500DA9BEE /* Info.plist */ = {isa = PBXFileReference; lastKnownFileType = text.plist.xml; path = Info.plist; sourceTree = "<group>"; };
/* End PBXFileReference section */

/* Begin PBXFrameworksBuildPhase section */
		488C9BE82237411200DA9BEE /* Frameworks */ = {
			isa = PBXFrameworksBuildPhase;
			buildActionMask = 2147483647;
			files = (
			);
			runOnlyForDeploymentPostprocessing = 0;
		};
		488C9BFC2237411500DA9BEE /* Frameworks */ = {
			isa = PBXFrameworksBuildPhase;
			buildActionMask = 2147483647;
			files = (
			);
			runOnlyForDeploymentPostprocessing = 0;
		};
		488C9C072237411500DA9BEE /* Frameworks */ = {
			isa = PBXFrameworksBuildPhase;
			buildActionMask = 2147483647;
			files = (
			);
			runOnlyForDeploymentPostprocessing = 0;
		};
/* End PBXFrameworksBuildPhase section */

/* Begin PBXGroup section */
		488C9BE22237411200DA9BEE = {
			isa = PBXGroup;
			children = (
				488C9BED2237411200DA9BEE /* HoneySpell */,
				488C9C022237411500DA9BEE /* HoneySpellTests */,
				488C9C0D2237411500DA9BEE /* HoneySpellUITests */,
				488C9BEC2237411200DA9BEE /* Products */,
			);
			sourceTree = "<group>";
		};
		488C9BEC2237411200DA9BEE /* Products */ = {
			isa = PBXGroup;
			children = (
				488C9BEB2237411200DA9BEE /* HoneySpell.app */,
				488C9BFF2237411500DA9BEE /* HoneySpellTests.xctest */,
				488C9C0A2237411500DA9BEE /* HoneySpellUITests.xctest */,
			);
			name = Products;
			sourceTree = "<group>";
		};
		488C9BED2237411200DA9BEE /* HoneySpell */ = {
			isa = PBXGroup;
			children = (
				488C9BEE2237411200DA9BEE /* AppDelegate.swift */,
				488C9BF02237411200DA9BEE /* ViewController.swift */,
				488C9BF22237411300DA9BEE /* Main.storyboard */,
				488C9BF52237411400DA9BEE /* Assets.xcassets */,
				488C9BF72237411400DA9BEE /* LaunchScreen.storyboard */,
				488C9BFA2237411500DA9BEE /* Info.plist */,
			);
			path = HoneySpell;
			sourceTree = "<group>";
		};
		488C9C022237411500DA9BEE /* HoneySpellTests */ = {
			isa = PBXGroup;
			children = (
				488C9C032237411500DA9BEE /* HoneySpellTests.swift */,
				488C9C052237411500DA9BEE /* Info.plist */,
			);
			path = HoneySpellTests;
			sourceTree = "<group>";
		};
		488C9C0D2237411500DA9BEE /* HoneySpellUITests */ = {
			isa = PBXGroup;
			children = (
				488C9C0E2237411500DA9BEE /* HoneySpellUITests.swift */,
				488C9C102237411500DA9BEE /* Info.plist */,
			);
			path = HoneySpellUITests;
			sourceTree = "<group>";
		};
/* End PBXGroup section */

/* Begin PBXNativeTarget section */
		488C9BEA2237411200DA9BEE /* HoneySpell */ = {
			isa = PBXNativeTarget;
			buildConfigurationList = 488C9C132237411500DA9BEE /* Build configuration list for PBXNativeTarget "HoneySpell" */;
			buildPhases = (
				488C9BE72237411200DA9BEE /* Sources */,
				488C9BE82237411200DA9BEE /* Frameworks */,
				488C9BE92237411200DA9BEE /* Resources */,
			);
			buildRules = (
			);
			dependencies = (
			);
			name = HoneySpell;
			productName = HoneySpell;
			productReference = 488C9BEB2237411200DA9BEE /* HoneySpell.app */;
			productType = "com.apple.product-type.application";
		};
		488C9BFE2237411500DA9BEE /* HoneySpellTests */ = {
			isa = PBXNativeTarget;
			buildConfigurationList = 488C9C162237411500DA9BEE /* Build configuration list for PBXNativeTarget "HoneySpellTests" */;
			buildPhases = (
				488C9BFB2237411500DA9BEE /* Sources */,
				488C9BFC2237411500DA9BEE /* Frameworks */,
				488C9BFD2237411500DA9BEE /* Resources */,
			);
			buildRules = (
			);
			dependencies = (
				488C9C012237411500DA9BEE /* PBXTargetDependency */,
			);
			name = HoneySpellTests;
			productName = HoneySpellTests;
			productReference = 488C9BFF2237411500DA9BEE /* HoneySpellTests.xctest */;
			productType = "com.apple.product-type.bundle.unit-test";
		};
		488C9C092237411500DA9BEE /* HoneySpellUITests */ = {
			isa = PBXNativeTarget;
			buildConfigurationList = 488C9C192237411500DA9BEE /* Build configuration list for PBXNativeTarget "HoneySpellUITests" */;
			buildPhases = (
				488C9C062237411500DA9BEE /* Sources */,
				488C9C072237411500DA9BEE /* Frameworks */,
				488C9C082237411500DA9BEE /* Resources */,
			);
			buildRules = (
			);
			dependencies = (
				488C9C0C2237411500DA9BEE /* PBXTargetDependency */,
			);
			name = HoneySpellUITests;
			productName = HoneySpellUITests;
			productReference = 488C9C0A2237411500DA9BEE /* HoneySpellUITests.xctest */;
			productType = "com.apple.product-type.bundle.ui-testing";
		};
/* End PBXNativeTarget section */

/* Begin PBXProject section */
		488C9BE32237411200DA9BEE /* Project object */ = {
			isa = PBXProject;
			attributes = {
				LastSwiftUpdateCheck = 1010;
				LastUpgradeCheck = 1010;
				ORGANIZATIONNAME = "Dunn, Michael R";
				TargetAttributes = {
					488C9BEA2237411200DA9BEE = {
						CreatedOnToolsVersion = 10.1;
					};
					488C9BFE2237411500DA9BEE = {
						CreatedOnToolsVersion = 10.1;
						TestTargetID = 488C9BEA2237411200DA9BEE;
					};
					488C9C092237411500DA9BEE = {
						CreatedOnToolsVersion = 10.1;
						TestTargetID = 488C9BEA2237411200DA9BEE;
					};
				};
			};
			buildConfigurationList = 488C9BE62237411200DA9BEE /* Build configuration list for PBXProject "HoneySpell" */;
			compatibilityVersion = "Xcode 9.3";
			developmentRegion = en;
			hasScannedForEncodings = 0;
			knownRegions = (
				en,
				Base,
			);
			mainGroup = 488C9BE22237411200DA9BEE;
			productRefGroup = 488C9BEC2237411200DA9BEE /* Products */;
			projectDirPath = "";
			projectRoot = "";
			targets = (
				488C9BEA2237411200DA9BEE /* HoneySpell */,
				488C9BFE2237411500DA9BEE /* HoneySpellTests */,
				488C9C092237411500DA9BEE /* HoneySpellUITests */,
			);
		};
/* End PBXProject section */

/* Begin PBXResourcesBuildPhase section */
		488C9BE92237411200DA9BEE /* Resources */ = {
			isa = PBXResourcesBuildPhase;
			buildActionMask = 2147483647;
			files = (
				488C9BF92237411400DA9BEE /* LaunchScreen.storyboard in Resources */,
				488C9BF62237411400DA9BEE /* Assets.xcassets in Resources */,
				488C9BF42237411300DA9BEE /* Main.storyboard in Resources */,
			);
			runOnlyForDeploymentPostprocessing = 0;
		};
		488C9BFD2237411500DA9BEE /* Resources */ = {
			isa = PBXResourcesBuildPhase;
			buildActionMask = 2147483647;
			files = (
			);
			runOnlyForDeploymentPostprocessing = 0;
		};
		488C9C082237411500DA9BEE /* Resources */ = {
			isa = PBXResourcesBuildPhase;
			buildActionMask = 2147483647;
			files = (
			);
			runOnlyForDeploymentPostprocessing = 0;
		};
/* End PBXResourcesBuildPhase section */

/* Begin PBXSourcesBuildPhase section */
		488C9BE72237411200DA9BEE /* Sources */ = {
			isa = PBXSourcesBuildPhase;
			buildActionMask = 2147483647;
			files = (
				488C9BF12237411200DA9BEE /* ViewController.swift in Sources */,
				488C9BEF2237411200DA9BEE /* AppDelegate.swift in Sources */,
			);
			runOnlyForDeploymentPostprocessing = 0;
		};
		488C9BFB2237411500DA9BEE /* Sources */ = {
			isa = PBXSourcesBuildPhase;
			buildActionMask = 2147483647;
			files = (
				488C9C042237411500DA9BEE /* HoneySpellTests.swift in Sources */,
			);
			runOnlyForDeploymentPostprocessing = 0;
		};
		488C9C062237411500DA9BEE /* Sources */ = {
			isa = PBXSourcesBuildPhase;
			buildActionMask = 2147483647;
			files = (
				488C9C0F2237411500DA9BEE /* HoneySpellUITests.swift in Sources */,
			);
			runOnlyForDeploymentPostprocessing = 0;
		};
/* End PBXSourcesBuildPhase section */

/* Begin PBXTargetDependency section */
		488C9C012237411500DA9BEE /* PBXTargetDependency */ = {
			isa = PBXTargetDependency;
			target = 488C9BEA2237411200DA9BEE /* HoneySpell */;
			targetProxy = 488C9C002237411500DA9BEE /* PBXContainerItemProxy */;
		};
		488C9C0C2237411500DA9BEE /* PBXTargetDependency */ = {
			isa = PBXTargetDependency;
			target = 488C9BEA2237411200DA9BEE /* HoneySpell */;
			targetProxy = 488C9C0B2237411500DA9BEE /* PBXContainerItemProxy */;
		};
/* End PBXTargetDependency section */

/* Begin PBXVariantGroup section */
		488C9BF22237411300DA9BEE /* Main.storyboard */ = {
			isa = PBXVariantGroup;
			children = (
				488C9BF32237411300DA9BEE /* Base */,
			);
			name = Main.storyboard;
			sourceTree = "<group>";
		};
		488C9BF72237411400DA9BEE /* LaunchScreen.storyboard */ = {
			isa = PBXVariantGroup;
			children = (
				488C9BF82237411400DA9BEE /* Base */,
			);
			name = LaunchScreen.storyboard;
			sourceTree = "<group>";
		};
/* End PBXVariantGroup section */

/* Begin XCBuildConfiguration section */
		488C9C112237411500DA9BEE /* Debug */ = {
			isa = XCBuildConfiguration;
			buildSettings = {
				ALWAYS_SEARCH_USER_PATHS = NO;
				CLANG_ANALYZER_NONNULL = YES;
				CLANG_ANALYZER_NUMBER_OBJECT_CONVERSION = YES_AGGRESSIVE;
				CLANG_CXX_LANGUAGE_STANDARD = "gnu++14";
				CLANG_CXX_LIBRARY = "libc++";
				CLANG_ENABLE_MODULES = YES;
				CLANG_ENABLE_OBJC_ARC = YES;
				CLANG_ENABLE_OBJC_WEAK = YES;
				CLANG_WARN_BLOCK_CAPTURE_AUTORELEASING = YES;
				CLANG_WARN_BOOL_CONVERSION = YES;
				CLANG_WARN_COMMA = YES;
				CLANG_WARN_CONSTANT_CONVERSION = YES;
				CLANG_WARN_DEPRECATED_OBJC_IMPLEMENTATIONS = YES;
				CLANG_WARN_DIRECT_OBJC_ISA_USAGE = YES_ERROR;
				CLANG_WARN_DOCUMENTATION_COMMENTS = YES;
				CLANG_WARN_EMPTY_BODY = YES;
				CLANG_WARN_ENUM_CONVERSION = YES;
				CLANG_WARN_INFINITE_RECURSION = YES;
				CLANG_WARN_INT_CONVERSION = YES;
				CLANG_WARN_NON_LITERAL_NULL_CONVERSION = YES;
				CLANG_WARN_OBJC_IMPLICIT_RETAIN_SELF = YES;
				CLANG_WARN_OBJC_LITERAL_CONVERSION = YES;
				CLANG_WARN_OBJC_ROOT_CLASS = YES_ERROR;
				CLANG_WARN_RANGE_LOOP_ANALYSIS = YES;
				CLANG_WARN_STRICT_PROTOTYPES = YES;
				CLANG_WARN_SUSPICIOUS_MOVE = YES;
				CLANG_WARN_UNGUARDED_AVAILABILITY = YES_AGGRESSIVE;
				CLANG_WARN_UNREACHABLE_CODE = YES;
				CLANG_WARN__DUPLICATE_METHOD_MATCH = YES;
				CODE_SIGN_IDENTITY = "iPhone Developer";
				COPY_PHASE_STRIP = NO;
				DEBUG_INFORMATION_FORMAT = dwarf;
				ENABLE_STRICT_OBJC_MSGSEND = YES;
				ENABLE_TESTABILITY = YES;
				GCC_C_LANGUAGE_STANDARD = gnu11;
				GCC_DYNAMIC_NO_PIC = NO;
				GCC_NO_COMMON_BLOCKS = YES;
				GCC_OPTIMIZATION_LEVEL = 0;
				GCC_PREPROCESSOR_DEFINITIONS = (
					"DEBUG=1",
					"$(inherited)",
				);
				GCC_WARN_64_TO_32_BIT_CONVERSION = YES;
				GCC_WARN_ABOUT_RETURN_TYPE = YES_ERROR;
				GCC_WARN_UNDECLARED_SELECTOR = YES;
				GCC_WARN_UNINITIALIZED_AUTOS = YES_AGGRESSIVE;
				GCC_WARN_UNUSED_FUNCTION = YES;
				GCC_WARN_UNUSED_VARIABLE = YES;
				IPHONEOS_DEPLOYMENT_TARGET = 12.1;
				MTL_ENABLE_DEBUG_INFO = INCLUDE_SOURCE;
				MTL_FAST_MATH = YES;
				ONLY_ACTIVE_ARCH = YES;
				SDKROOT = iphoneos;
				SWIFT_ACTIVE_COMPILATION_CONDITIONS = DEBUG;
				SWIFT_OPTIMIZATION_LEVEL = "-Onone";
			};
			name = Debug;
		};
		488C9C122237411500DA9BEE /* Release */ = {
			isa = XCBuildConfiguration;
			buildSettings = {
				ALWAYS_SEARCH_USER_PATHS = NO;
				CLANG_ANALYZER_NONNULL = YES;
				CLANG_ANALYZER_NUMBER_OBJECT_CONVERSION = YES_AGGRESSIVE;
				CLANG_CXX_LANGUAGE_STANDARD = "gnu++14";
				CLANG_CXX_LIBRARY = "libc++";
				CLANG_ENABLE_MODULES = YES;
				CLANG_ENABLE_OBJC_ARC = YES;
				CLANG_ENABLE_OBJC_WEAK = YES;
				CLANG_WARN_BLOCK_CAPTURE_AUTORELEASING = YES;
				CLANG_WARN_BOOL_CONVERSION = YES;
				CLANG_WARN_COMMA = YES;
				CLANG_WARN_CONSTANT_CONVERSION = YES;
				CLANG_WARN_DEPRECATED_OBJC_IMPLEMENTATIONS = YES;
				CLANG_WARN_DIRECT_OBJC_ISA_USAGE = YES_ERROR;
				CLANG_WARN_DOCUMENTATION_COMMENTS = YES;
				CLANG_WARN_EMPTY_BODY = YES;
				CLANG_WARN_ENUM_CONVERSION = YES;
				CLANG_WARN_INFINITE_RECURSION = YES;
				CLANG_WARN_INT_CONVERSION = YES;
				CLANG_WARN_NON_LITERAL_NULL_CONVERSION = YES;
				CLANG_WARN_OBJC_IMPLICIT_RETAIN_SELF = YES;
				CLANG_WARN_OBJC_LITERAL_CONVERSION = YES;
				CLANG_WARN_OBJC_ROOT_CLASS = YES_ERROR;
				CLANG_WARN_RANGE_LOOP_ANALYSIS = YES;
				CLANG_WARN_STRICT_PROTOTYPES = YES;
				CLANG_WARN_SUSPICIOUS_MOVE = YES;
				CLANG_WARN_UNGUARDED_AVAILABILITY = YES_AGGRESSIVE;
				CLANG_WARN_UNREACHABLE_CODE = YES;
				CLANG_WARN__DUPLICATE_METHOD_MATCH = YES;
				CODE_SIGN_IDENTITY = "iPhone Developer";
				COPY_PHASE_STRIP = NO;
				DEBUG_INFORMATION_FORMAT = "dwarf-with-dsym";
				ENABLE_NS_ASSERTIONS = NO;
				ENABLE_STRICT_OBJC_MSGSEND = YES;
				GCC_C_LANGUAGE_STANDARD = gnu11;
				GCC_NO_COMMON_BLOCKS = YES;
				GCC_WARN_64_TO_32_BIT_CONVERSION = YES;
				GCC_WARN_ABOUT_RETURN_TYPE = YES_ERROR;
				GCC_WARN_UNDECLARED_SELECTOR = YES;
				GCC_WARN_UNINITIALIZED_AUTOS = YES_AGGRESSIVE;
				GCC_WARN_UNUSED_FUNCTION = YES;
				GCC_WARN_UNUSED_VARIABLE = YES;
				IPHONEOS_DEPLOYMENT_TARGET = 12.1;
				MTL_ENABLE_DEBUG_INFO = NO;
				MTL_FAST_MATH = YES;
				SDKROOT = iphoneos;
				SWIFT_COMPILATION_MODE = wholemodule;
				SWIFT_OPTIMIZATION_LEVEL = "-O";
				VALIDATE_PRODUCT = YES;
			};
			name = Release;
		};
		488C9C142237411500DA9BEE /* Debug */ = {
			isa = XCBuildConfiguration;
			buildSettings = {
				ASSETCATALOG_COMPILER_APPICON_NAME = AppIcon;
				CODE_SIGN_STYLE = Automatic;
				DEVELOPMENT_TEAM = MCY37TREWE;
				INFOPLIST_FILE = HoneySpell/Info.plist;
				LD_RUNPATH_SEARCH_PATHS = (
					"$(inherited)",
					"@executable_path/Frameworks",
				);
				PRODUCT_BUNDLE_IDENTIFIER = com.honeySpell.beta.HoneySpell;
				PRODUCT_NAME = "$(TARGET_NAME)";
				SWIFT_VERSION = 4.2;
				TARGETED_DEVICE_FAMILY = "1,2";
			};
			name = Debug;
		};
		488C9C152237411500DA9BEE /* Release */ = {
			isa = XCBuildConfiguration;
			buildSettings = {
				ASSETCATALOG_COMPILER_APPICON_NAME = AppIcon;
				CODE_SIGN_STYLE = Automatic;
				DEVELOPMENT_TEAM = MCY37TREWE;
				INFOPLIST_FILE = HoneySpell/Info.plist;
				LD_RUNPATH_SEARCH_PATHS = (
					"$(inherited)",
					"@executable_path/Frameworks",
				);
				PRODUCT_BUNDLE_IDENTIFIER = com.honeySpell.beta.HoneySpell;
				PRODUCT_NAME = "$(TARGET_NAME)";
				SWIFT_VERSION = 4.2;
				TARGETED_DEVICE_FAMILY = "1,2";
			};
			name = Release;
		};
		488C9C172237411500DA9BEE /* Debug */ = {
			isa = XCBuildConfiguration;
			buildSettings = {
				ALWAYS_EMBED_SWIFT_STANDARD_LIBRARIES = YES;
				BUNDLE_LOADER = "$(TEST_HOST)";
				CODE_SIGN_STYLE = Automatic;
				DEVELOPMENT_TEAM = MCY37TREWE;
				INFOPLIST_FILE = HoneySpellTests/Info.plist;
				LD_RUNPATH_SEARCH_PATHS = (
					"$(inherited)",
					"@executable_path/Frameworks",
					"@loader_path/Frameworks",
				);
				PRODUCT_BUNDLE_IDENTIFIER = com.honeySpell.beta.HoneySpellTests;
				PRODUCT_NAME = "$(TARGET_NAME)";
				SWIFT_VERSION = 4.2;
				TARGETED_DEVICE_FAMILY = "1,2";
				TEST_HOST = "$(BUILT_PRODUCTS_DIR)/HoneySpell.app/HoneySpell";
			};
			name = Debug;
		};
		488C9C182237411500DA9BEE /* Release */ = {
			isa = XCBuildConfiguration;
			buildSettings = {
				ALWAYS_EMBED_SWIFT_STANDARD_LIBRARIES = YES;
				BUNDLE_LOADER = "$(TEST_HOST)";
				CODE_SIGN_STYLE = Automatic;
				DEVELOPMENT_TEAM = MCY37TREWE;
				INFOPLIST_FILE = HoneySpellTests/Info.plist;
				LD_RUNPATH_SEARCH_PATHS = (
					"$(inherited)",
					"@executable_path/Frameworks",
					"@loader_path/Frameworks",
				);
				PRODUCT_BUNDLE_IDENTIFIER = com.honeySpell.beta.HoneySpellTests;
				PRODUCT_NAME = "$(TARGET_NAME)";
				SWIFT_VERSION = 4.2;
				TARGETED_DEVICE_FAMILY = "1,2";
				TEST_HOST = "$(BUILT_PRODUCTS_DIR)/HoneySpell.app/HoneySpell";
			};
			name = Release;
		};
		488C9C1A2237411500DA9BEE /* Debug */ = {
			isa = XCBuildConfiguration;
			buildSettings = {
				ALWAYS_EMBED_SWIFT_STANDARD_LIBRARIES = YES;
				CODE_SIGN_STYLE = Automatic;
				DEVELOPMENT_TEAM = MCY37TREWE;
				INFOPLIST_FILE = HoneySpellUITests/Info.plist;
				LD_RUNPATH_SEARCH_PATHS = (
					"$(inherited)",
					"@executable_path/Frameworks",
					"@loader_path/Frameworks",
				);
				PRODUCT_BUNDLE_IDENTIFIER = com.honeySpell.beta.HoneySpellUITests;
				PRODUCT_NAME = "$(TARGET_NAME)";
				SWIFT_VERSION = 4.2;
				TARGETED_DEVICE_FAMILY = "1,2";
				TEST_TARGET_NAME = HoneySpell;
			};
			name = Debug;
		};
		488C9C1B2237411500DA9BEE /* Release */ = {
			isa = XCBuildConfiguration;
			buildSettings = {
				ALWAYS_EMBED_SWIFT_STANDARD_LIBRARIES = YES;
				CODE_SIGN_STYLE = Automatic;
				DEVELOPMENT_TEAM = MCY37TREWE;
				INFOPLIST_FILE = HoneySpellUITests/Info.plist;
				LD_RUNPATH_SEARCH_PATHS = (
					"$(inherited)",
					"@executable_path/Frameworks",
					"@loader_path/Frameworks",
				);
				PRODUCT_BUNDLE_IDENTIFIER = com.honeySpell.beta.HoneySpellUITests;
				PRODUCT_NAME = "$(TARGET_NAME)";
				SWIFT_VERSION = 4.2;
				TARGETED_DEVICE_FAMILY = "1,2";
				TEST_TARGET_NAME = HoneySpell;
			};
			name = Release;
		};
/* End XCBuildConfiguration section */

/* Begin XCConfigurationList section */
		488C9BE62237411200DA9BEE /* Build configuration list for PBXProject "HoneySpell" */ = {
			isa = XCConfigurationList;
			buildConfigurations = (
				488C9C112237411500DA9BEE /* Debug */,
				488C9C122237411500DA9BEE /* Release */,
			);
			defaultConfigurationIsVisible = 0;
			defaultConfigurationName = Release;
		};
		488C9C132237411500DA9BEE /* Build configuration list for PBXNativeTarget "HoneySpell" */ = {
			isa = XCConfigurationList;
			buildConfigurations = (
				488C9C142237411500DA9BEE /* Debug */,
				488C9C152237411500DA9BEE /* Release */,
			);
			defaultConfigurationIsVisible = 0;
			defaultConfigurationName = Release;
		};
		488C9C162237411500DA9BEE /* Build configuration list for PBXNativeTarget "HoneySpellTests" */ = {
			isa = XCConfigurationList;
			buildConfigurations = (
				488C9C172237411500DA9BEE /* Debug */,
				488C9C182237411500DA9BEE /* Release */,
			);
			defaultConfigurationIsVisible = 0;
			defaultConfigurationName = Release;
		};
		488C9C192237411500DA9BEE /* Build configuration list for PBXNativeTarget "HoneySpellUITests" */ = {
			isa = XCConfigurationList;
			buildConfigurations = (
				488C9C1A2237411500DA9BEE /* Debug */,
				488C9C1B2237411500DA9BEE /* Release */,
			);
			defaultConfigurationIsVisible = 0;
			defaultConfigurationName = Release;
		};
/* End XCConfigurationList section */
	};
	rootObject = 488C9BE32237411200DA9BEE /* Project object */;
}
